// !$*UTF8*$!
{
	archiveVersion = 1;
	classes = {
	};
	objectVersion = 46;
	objects = {

/* Begin PBXBuildFile section */
		CF3724CF1B9EB489003D3A37 /* AppDelegate.swift in Sources */ = {isa = PBXBuildFile; fileRef = CF3724CE1B9EB489003D3A37 /* AppDelegate.swift */; };
		CF3724D11B9EB489003D3A37 /* ViewController.swift in Sources */ = {isa = PBXBuildFile; fileRef = CF3724D01B9EB489003D3A37 /* ViewController.swift */; };
		CF3724D41B9EB489003D3A37 /* Main.storyboard in Resources */ = {isa = PBXBuildFile; fileRef = CF3724D21B9EB489003D3A37 /* Main.storyboard */; };
		CF3724D61B9EB489003D3A37 /* Images.xcassets in Resources */ = {isa = PBXBuildFile; fileRef = CF3724D51B9EB489003D3A37 /* Images.xcassets */; };
		CF3724D91B9EB489003D3A37 /* LaunchScreen.xib in Resources */ = {isa = PBXBuildFile; fileRef = CF3724D71B9EB489003D3A37 /* LaunchScreen.xib */; };
		CF3724E51B9EB489003D3A37 /* buzzfizzTests.swift in Sources */ = {isa = PBXBuildFile; fileRef = CF3724E41B9EB489003D3A37 /* buzzfizzTests.swift */; };
/* End PBXBuildFile section */

/* Begin PBXContainerItemProxy section */
		CF3724DF1B9EB489003D3A37 /* PBXContainerItemProxy */ = {
			isa = PBXContainerItemProxy;
			containerPortal = CF3724C11B9EB489003D3A37 /* Project object */;
			proxyType = 1;
			remoteGlobalIDString = CF3724C81B9EB489003D3A37;
			remoteInfo = buzzfizz;
		};
/* End PBXContainerItemProxy section */

/* Begin PBXFileReference section */
		CF3724C91B9EB489003D3A37 /* buzzfizz.app */ = {isa = PBXFileReference; explicitFileType = wrapper.application; includeInIndex = 0; path = buzzfizz.app; sourceTree = BUILT_PRODUCTS_DIR; };
		CF3724CD1B9EB489003D3A37 /* Info.plist */ = {isa = PBXFileReference; lastKnownFileType = text.plist.xml; path = Info.plist; sourceTree = "<group>"; };
		CF3724CE1B9EB489003D3A37 /* AppDelegate.swift */ = {isa = PBXFileReference; lastKnownFileType = sourcecode.swift; path = AppDelegate.swift; sourceTree = "<group>"; };
		CF3724D01B9EB489003D3A37 /* ViewController.swift */ = {isa = PBXFileReference; lastKnownFileType = sourcecode.swift; path = ViewController.swift; sourceTree = "<group>"; };
		CF3724D31B9EB489003D3A37 /* Base */ = {isa = PBXFileReference; lastKnownFileType = file.storyboard; name = Base; path = Base.lproj/Main.storyboard; sourceTree = "<group>"; };
		CF3724D51B9EB489003D3A37 /* Images.xcassets */ = {isa = PBXFileReference; lastKnownFileType = folder.assetcatalog; path = Images.xcassets; sourceTree = "<group>"; };
		CF3724D81B9EB489003D3A37 /* Base */ = {isa = PBXFileReference; lastKnownFileType = file.xib; name = Base; path = Base.lproj/LaunchScreen.xib; sourceTree = "<group>"; };
		CF3724DE1B9EB489003D3A37 /* buzzfizzTests.xctest */ = {isa = PBXFileReference; explicitFileType = wrapper.cfbundle; includeInIndex = 0; path = buzzfizzTests.xctest; sourceTree = BUILT_PRODUCTS_DIR; };
		CF3724E31B9EB489003D3A37 /* Info.plist */ = {isa = PBXFileReference; lastKnownFileType = text.plist.xml; path = Info.plist; sourceTree = "<group>"; };
		CF3724E41B9EB489003D3A37 /* buzzfizzTests.swift */ = {isa = PBXFileReference; lastKnownFileType = sourcecode.swift; path = buzzfizzTests.swift; sourceTree = "<group>"; };
/* End PBXFileReference section */

/* Begin PBXFrameworksBuildPhase section */
		CF3724C61B9EB489003D3A37 /* Frameworks */ = {
			isa = PBXFrameworksBuildPhase;
			buildActionMask = 2147483647;
			files = (
			);
			runOnlyForDeploymentPostprocessing = 0;
		};
		CF3724DB1B9EB489003D3A37 /* Frameworks */ = {
			isa = PBXFrameworksBuildPhase;
			buildActionMask = 2147483647;
			files = (
			);
			runOnlyForDeploymentPostprocessing = 0;
		};
/* End PBXFrameworksBuildPhase section */

/* Begin PBXGroup section */
		CF3724C01B9EB489003D3A37 = {
			isa = PBXGroup;
			children = (
				CF3724CB1B9EB489003D3A37 /* buzzfizz */,
				CF3724E11B9EB489003D3A37 /* buzzfizzTests */,
				CF3724CA1B9EB489003D3A37 /* Products */,
			);
			sourceTree = "<group>";
		};
		CF3724CA1B9EB489003D3A37 /* Products */ = {
			isa = PBXGroup;
			children = (
				CF3724C91B9EB489003D3A37 /* buzzfizz.app */,
				CF3724DE1B9EB489003D3A37 /* buzzfizzTests.xctest */,
			);
			name = Products;
			sourceTree = "<group>";
		};
		CF3724CB1B9EB489003D3A37 /* buzzfizz */ = {
			isa = PBXGroup;
			children = (
				CF3724CE1B9EB489003D3A37 /* AppDelegate.swift */,
				CF3724D01B9EB489003D3A37 /* ViewController.swift */,
				CF3724D21B9EB489003D3A37 /* Main.storyboard */,
				CF3724D51B9EB489003D3A37 /* Images.xcassets */,
				CF3724D71B9EB489003D3A37 /* LaunchScreen.xib */,
				CF3724CC1B9EB489003D3A37 /* Supporting Files */,
			);
			path = buzzfizz;
			sourceTree = "<group>";
		};
		CF3724CC1B9EB489003D3A37 /* Supporting Files */ = {
			isa = PBXGroup;
			children = (
				CF3724CD1B9EB489003D3A37 /* Info.plist */,
			);
			name = "Supporting Files";
			sourceTree = "<group>";
		};
		CF3724E11B9EB489003D3A37 /* buzzfizzTests */ = {
			isa = PBXGroup;
			children = (
				CF3724E41B9EB489003D3A37 /* buzzfizzTests.swift */,
				CF3724E21B9EB489003D3A37 /* Supporting Files */,
			);
			path = buzzfizzTests;
			sourceTree = "<group>";
		};
		CF3724E21B9EB489003D3A37 /* Supporting Files */ = {
			isa = PBXGroup;
			children = (
				CF3724E31B9EB489003D3A37 /* Info.plist */,
			);
			name = "Supporting Files";
			sourceTree = "<group>";
		};
/* End PBXGroup section */

/* Begin PBXNativeTarget section */
		CF3724C81B9EB489003D3A37 /* buzzfizz */ = {
			isa = PBXNativeTarget;
			buildConfigurationList = CF3724E81B9EB489003D3A37 /* Build configuration list for PBXNativeTarget "buzzfizz" */;
			buildPhases = (
				CF3724C51B9EB489003D3A37 /* Sources */,
				CF3724C61B9EB489003D3A37 /* Frameworks */,
				CF3724C71B9EB489003D3A37 /* Resources */,
			);
			buildRules = (
			);
			dependencies = (
			);
			name = buzzfizz;
			productName = buzzfizz;
			productReference = CF3724C91B9EB489003D3A37 /* buzzfizz.app */;
			productType = "com.apple.product-type.application";
		};
		CF3724DD1B9EB489003D3A37 /* buzzfizzTests */ = {
			isa = PBXNativeTarget;
			buildConfigurationList = CF3724EB1B9EB489003D3A37 /* Build configuration list for PBXNativeTarget "buzzfizzTests" */;
			buildPhases = (
				CF3724DA1B9EB489003D3A37 /* Sources */,
				CF3724DB1B9EB489003D3A37 /* Frameworks */,
				CF3724DC1B9EB489003D3A37 /* Resources */,
			);
			buildRules = (
			);
			dependencies = (
				CF3724E01B9EB489003D3A37 /* PBXTargetDependency */,
			);
			name = buzzfizzTests;
			productName = buzzfizzTests;
			productReference = CF3724DE1B9EB489003D3A37 /* buzzfizzTests.xctest */;
			productType = "com.apple.product-type.bundle.unit-test";
		};
/* End PBXNativeTarget section */

/* Begin PBXProject section */
		CF3724C11B9EB489003D3A37 /* Project object */ = {
			isa = PBXProject;
			attributes = {
				LastUpgradeCheck = 0640;
				ORGANIZATIONNAME = "Seita Morooka";
				TargetAttributes = {
					CF3724C81B9EB489003D3A37 = {
						CreatedOnToolsVersion = 6.4;
					};
					CF3724DD1B9EB489003D3A37 = {
						CreatedOnToolsVersion = 6.4;
						TestTargetID = CF3724C81B9EB489003D3A37;
					};
				};
			};
			buildConfigurationList = CF3724C41B9EB489003D3A37 /* Build configuration list for PBXProject "buzzfizz" */;
			compatibilityVersion = "Xcode 3.2";
			developmentRegion = English;
			hasScannedForEncodings = 0;
			knownRegions = (
				en,
				Base,
			);
			mainGroup = CF3724C01B9EB489003D3A37;
			productRefGroup = CF3724CA1B9EB489003D3A37 /* Products */;
			projectDirPath = "";
			projectRoot = "";
			targets = (
				CF3724C81B9EB489003D3A37 /* buzzfizz */,
				CF3724DD1B9EB489003D3A37 /* buzzfizzTests */,
			);
		};
/* End PBXProject section */

/* Begin PBXResourcesBuildPhase section */
		CF3724C71B9EB489003D3A37 /* Resources */ = {
			isa = PBXResourcesBuildPhase;
			buildActionMask = 2147483647;
			files = (
				CF3724D41B9EB489003D3A37 /* Main.storyboard in Resources */,
				CF3724D91B9EB489003D3A37 /* LaunchScreen.xib in Resources */,
				CF3724D61B9EB489003D3A37 /* Images.xcassets in Resources */,
			);
			runOnlyForDeploymentPostprocessing = 0;
		};
		CF3724DC1B9EB489003D3A37 /* Resources */ = {
			isa = PBXResourcesBuildPhase;
			buildActionMask = 2147483647;
			files = (
			);
			runOnlyForDeploymentPostprocessing = 0;
		};
/* End PBXResourcesBuildPhase section */

/* Begin PBXSourcesBuildPhase section */
		CF3724C51B9EB489003D3A37 /* Sources */ = {
			isa = PBXSourcesBuildPhase;
			buildActionMask = 2147483647;
			files = (
				CF3724D11B9EB489003D3A37 /* ViewController.swift in Sources */,
				CF3724CF1B9EB489003D3A37 /* AppDelegate.swift in Sources */,
			);
			runOnlyForDeploymentPostprocessing = 0;
		};
		CF3724DA1B9EB489003D3A37 /* Sources */ = {
			isa = PBXSourcesBuildPhase;
			buildActionMask = 2147483647;
			files = (
				CF3724E51B9EB489003D3A37 /* buzzfizzTests.swift in Sources */,
			);
			runOnlyForDeploymentPostprocessing = 0;
		};
/* End PBXSourcesBuildPhase section */

/* Begin PBXTargetDependency section */
		CF3724E01B9EB489003D3A37 /* PBXTargetDependency */ = {
			isa = PBXTargetDependency;
			target = CF3724C81B9EB489003D3A37 /* buzzfizz */;
			targetProxy = CF3724DF1B9EB489003D3A37 /* PBXContainerItemProxy */;
		};
/* End PBXTargetDependency section */

/* Begin PBXVariantGroup section */
		CF3724D21B9EB489003D3A37 /* Main.storyboard */ = {
			isa = PBXVariantGroup;
			children = (
				CF3724D31B9EB489003D3A37 /* Base */,
			);
			name = Main.storyboard;
			sourceTree = "<group>";
		};
		CF3724D71B9EB489003D3A37 /* LaunchScreen.xib */ = {
			isa = PBXVariantGroup;
			children = (
				CF3724D81B9EB489003D3A37 /* Base */,
			);
			name = LaunchScreen.xib;
			sourceTree = "<group>";
		};
/* End PBXVariantGroup section */

/* Begin XCBuildConfiguration section */
		CF3724E61B9EB489003D3A37 /* Debug */ = {
			isa = XCBuildConfiguration;
			buildSettings = {
				ALWAYS_SEARCH_USER_PATHS = NO;
				CLANG_CXX_LANGUAGE_STANDARD = "gnu++0x";
				CLANG_CXX_LIBRARY = "libc++";
				CLANG_ENABLE_MODULES = YES;
				CLANG_ENABLE_OBJC_ARC = YES;
				CLANG_WARN_BOOL_CONVERSION = YES;
				CLANG_WARN_CONSTANT_CONVERSION = YES;
				CLANG_WARN_DIRECT_OBJC_ISA_USAGE = YES_ERROR;
				CLANG_WARN_EMPTY_BODY = YES;
				CLANG_WARN_ENUM_CONVERSION = YES;
				CLANG_WARN_INT_CONVERSION = YES;
				CLANG_WARN_OBJC_ROOT_CLASS = YES_ERROR;
				CLANG_WARN_UNREACHABLE_CODE = YES;
				CLANG_WARN__DUPLICATE_METHOD_MATCH = YES;
				"CODE_SIGN_IDENTITY[sdk=iphoneos*]" = "iPhone Developer";
				COPY_PHASE_STRIP = NO;
				DEBUG_INFORMATION_FORMAT = "dwarf-with-dsym";
				ENABLE_STRICT_OBJC_MSGSEND = YES;
				GCC_C_LANGUAGE_STANDARD = gnu99;
				GCC_DYNAMIC_NO_PIC = NO;
				GCC_NO_COMMON_BLOCKS = YES;
				GCC_OPTIMIZATION_LEVEL = 0;
				GCC_PREPROCESSOR_DEFINITIONS = (
					"DEBUG=1",
					"$(inherited)",
				);
				GCC_SYMBOLS_PRIVATE_EXTERN = NO;
				GCC_WARN_64_TO_32_BIT_CONVERSION = YES;
				GCC_WARN_ABOUT_RETURN_TYPE = YES_ERROR;
				GCC_WARN_UNDECLARED_SELECTOR = YES;
				GCC_WARN_UNINITIALIZED_AUTOS = YES_AGGRESSIVE;
				GCC_WARN_UNUSED_FUNCTION = YES;
				GCC_WARN_UNUSED_VARIABLE = YES;
				IPHONEOS_DEPLOYMENT_TARGET = 8.4;
				MTL_ENABLE_DEBUG_INFO = YES;
				ONLY_ACTIVE_ARCH = YES;
				SDKROOT = iphoneos;
				SWIFT_OPTIMIZATION_LEVEL = "-Onone";
				TARGETED_DEVICE_FAMILY = "1,2";
			};
			name = Debug;
		};
		CF3724E71B9EB489003D3A37 /* Release */ = {
			isa = XCBuildConfiguration;
			buildSettings = {
				ALWAYS_SEARCH_USER_PATHS = NO;
				CLANG_CXX_LANGUAGE_STANDARD = "gnu++0x";
				CLANG_CXX_LIBRARY = "libc++";
				CLANG_ENABLE_MODULES = YES;
				CLANG_ENABLE_OBJC_ARC = YES;
				CLANG_WARN_BOOL_CONVERSION = YES;
				CLANG_WARN_CONSTANT_CONVERSION = YES;
				CLANG_WARN_DIRECT_OBJC_ISA_USAGE = YES_ERROR;
				CLANG_WARN_EMPTY_BODY = YES;
				CLANG_WARN_ENUM_CONVERSION = YES;
				CLANG_WARN_INT_CONVERSION = YES;
				CLANG_WARN_OBJC_ROOT_CLASS = YES_ERROR;
				CLANG_WARN_UNREACHABLE_CODE = YES;
				CLANG_WARN__DUPLICATE_METHOD_MATCH = YES;
				"CODE_SIGN_IDENTITY[sdk=iphoneos*]" = "iPhone Developer";
				COPY_PHASE_STRIP = NO;
				DEBUG_INFORMATION_FORMAT = "dwarf-with-dsym";
				ENABLE_NS_ASSERTIONS = NO;
				ENABLE_STRICT_OBJC_MSGSEND = YES;
				GCC_C_LANGUAGE_STANDARD = gnu99;
				GCC_NO_COMMON_BLOCKS = YES;
				GCC_WARN_64_TO_32_BIT_CONVERSION = YES;
				GCC_WARN_ABOUT_RETURN_TYPE = YES_ERROR;
				GCC_WARN_UNDECLARED_SELECTOR = YES;
				GCC_WARN_UNINITIALIZED_AUTOS = YES_AGGRESSIVE;
				GCC_WARN_UNUSED_FUNCTION = YES;
				GCC_WARN_UNUSED_VARIABLE = YES;
				IPHONEOS_DEPLOYMENT_TARGET = 8.4;
				MTL_ENABLE_DEBUG_INFO = NO;
				SDKROOT = iphoneos;
				TARGETED_DEVICE_FAMILY = "1,2";
				VALIDATE_PRODUCT = YES;
			};
			name = Release;
		};
		CF3724E91B9EB489003D3A37 /* Debug */ = {
			isa = XCBuildConfiguration;
			buildSettings = {
				ASSETCATALOG_COMPILER_APPICON_NAME = AppIcon;
				INFOPLIST_FILE = buzzfizz/Info.plist;
				LD_RUNPATH_SEARCH_PATHS = "$(inherited) @executable_path/Frameworks";
				PRODUCT_NAME = "$(TARGET_NAME)";
			};
			name = Debug;
		};
		CF3724EA1B9EB489003D3A37 /* Release */ = {
			isa = XCBuildConfiguration;
			buildSettings = {
				ASSETCATALOG_COMPILER_APPICON_NAME = AppIcon;
				INFOPLIST_FILE = buzzfizz/Info.plist;
				LD_RUNPATH_SEARCH_PATHS = "$(inherited) @executable_path/Frameworks";
				PRODUCT_NAME = "$(TARGET_NAME)";
			};
			name = Release;
		};
		CF3724EC1B9EB489003D3A37 /* Debug */ = {
			isa = XCBuildConfiguration;
			buildSettings = {
				BUNDLE_LOADER = "$(TEST_HOST)";
				FRAMEWORK_SEARCH_PATHS = (
					"$(SDKROOT)/Developer/Library/Frameworks",
					"$(inherited)",
				);
				GCC_PREPROCESSOR_DEFINITIONS = (
					"DEBUG=1",
					"$(inherited)",
				);
				INFOPLIST_FILE = buzzfizzTests/Info.plist;
				LD_RUNPATH_SEARCH_PATHS = "$(inherited) @executable_path/Frameworks @loader_path/Frameworks";
				PRODUCT_NAME = "$(TARGET_NAME)";
				TEST_HOST = "$(BUILT_PRODUCTS_DIR)/buzzfizz.app/buzzfizz";
			};
			name = Debug;
		};
		CF3724ED1B9EB489003D3A37 /* Release */ = {
			isa = XCBuildConfiguration;
			buildSettings = {
				BUNDLE_LOADER = "$(TEST_HOST)";
				FRAMEWORK_SEARCH_PATHS = (
					"$(SDKROOT)/Developer/Library/Frameworks",
					"$(inherited)",
				);
				INFOPLIST_FILE = buzzfizzTests/Info.plist;
				LD_RUNPATH_SEARCH_PATHS = "$(inherited) @executable_path/Frameworks @loader_path/Frameworks";
				PRODUCT_NAME = "$(TARGET_NAME)";
				TEST_HOST = "$(BUILT_PRODUCTS_DIR)/buzzfizz.app/buzzfizz";
			};
			name = Release;
		};
/* End XCBuildConfiguration section */

/* Begin XCConfigurationList section */
		CF3724C41B9EB489003D3A37 /* Build configuration list for PBXProject "buzzfizz" */ = {
			isa = XCConfigurationList;
			buildConfigurations = (
				CF3724E61B9EB489003D3A37 /* Debug */,
				CF3724E71B9EB489003D3A37 /* Release */,
			);
			defaultConfigurationIsVisible = 0;
			defaultConfigurationName = Release;
		};
		CF3724E81B9EB489003D3A37 /* Build configuration list for PBXNativeTarget "buzzfizz" */ = {
			isa = XCConfigurationList;
			buildConfigurations = (
				CF3724E91B9EB489003D3A37 /* Debug */,
				CF3724EA1B9EB489003D3A37 /* Release */,
			);
			defaultConfigurationIsVisible = 0;
		};
		CF3724EB1B9EB489003D3A37 /* Build configuration list for PBXNativeTarget "buzzfizzTests" */ = {
			isa = XCConfigurationList;
			buildConfigurations = (
				CF3724EC1B9EB489003D3A37 /* Debug */,
				CF3724ED1B9EB489003D3A37 /* Release */,
			);
			defaultConfigurationIsVisible = 0;
		};
/* End XCConfigurationList section */
	};
	rootObject = CF3724C11B9EB489003D3A37 /* Project object */;
}
